{
  "nodes": {
    "fzfVim": {
      "inputs": {
        "nixpkgs": [
          "nixpkgs"
        ]
      },
      "locked": {
        "lastModified": 1654883707,
        "narHash": "sha256-XsJj4SWs2BdMOQ+ZEV+9I7GVW41RUk/zqvrgeLwE1EE=",
        "owner": "cjlarose",
        "repo": "fzf.vim",
        "rev": "5a6af6579be024efc5f9f8148e4aa5274dd3c861",
        "type": "github"
      },
      "original": {
        "owner": "cjlarose",
        "repo": "fzf.vim",
        "type": "github"
      }
    },
    "home-manager": {
      "inputs": {
        "nixpkgs": [
          "nixpkgs"
        ]
      },
      "locked": {
        "lastModified": 1654422613,
        "narHash": "sha256-ZxkMM13AnrMwYOV99ohzcqeTkAOqD9Q2SBdZ9WoFE9Y=",
        "owner": "nix-community",
        "repo": "home-manager",
        "rev": "20703892473d01c70fb10248442231fe94f4ceb4",
        "type": "github"
      },
      "original": {
        "owner": "nix-community",
        "repo": "home-manager",
        "type": "github"
      }
    },
    "nixpkgs": {
      "locked": {
        "lastModified": 1654515819,
        "narHash": "sha256-EKqyLXo171SEPnqcDHQnOLaSXIWWpatsgaJTGM0Tdjg=",
        "owner": "nixos",
        "repo": "nixpkgs",
        "rev": "9acc2a130b95cc913c2918301bf186605c1e6af5",
        "type": "github"
      },
      "original": {
        "owner": "nixos",
        "ref": "release-22.05",
        "repo": "nixpkgs",
        "type": "github"
      }
    },
    "root": {
      "inputs": {
        "fzfVim": "fzfVim",
        "home-manager": "home-manager",
        "nixpkgs": "nixpkgs"
      }
    }
  },
  "root": "root",
  "version": 7
}
