{
  "nodes": {
    "bundix": {
      "flake": false,
      "locked": {
        "lastModified": 1707369252,
        "narHash": "sha256-X9SRXC+KMRnZL026uIHCNl1n2glo+cqs6bgNdtTVpFs=",
        "owner": "cjlarose",
        "repo": "bundix",
        "rev": "48cb83464cb6da3d6fd26426d671b062afc7efcc",
        "type": "github"
      },
      "original": {
        "owner": "cjlarose",
        "repo": "bundix",
        "type": "github"
      }
    },
    "chicken-smoothie-automation": {
      "inputs": {
        "nixpkgs": "nixpkgs"
      },
      "locked": {
        "lastModified": 1730075666,
        "narHash": "sha256-hkhaMAYV/cn0SmRIXyX1Zl1Sgco4hDxBP/pnFRj0GKo=",
        "ref": "refs/heads/main",
        "rev": "713f1de9ed20830a232610b9965bd73d2ebf1e2e",
        "revCount": 64,
        "type": "git",
        "url": "ssh://git@github.com/cjlarose/chicken-smoothie-automation"
      },
      "original": {
        "type": "git",
        "url": "ssh://git@github.com/cjlarose/chicken-smoothie-automation"
      }
    },
    "darwin": {
      "inputs": {
        "nixpkgs": [
          "nixpkgs"
        ]
      },
      "locked": {
        "lastModified": 1721655289,
        "narHash": "sha256-eJQQwXOKWjom9gtb7HvHd3+Wj5Sp+WrYR44r0EnaO5w=",
        "owner": "lnl7",
        "repo": "nix-darwin",
        "rev": "2ae24bcafdb88fdf70b061cc8b18d070dbd9013a",
        "type": "github"
      },
      "original": {
        "owner": "lnl7",
        "ref": "master",
        "repo": "nix-darwin",
        "type": "github"
      }
    },
    "disko": {
      "inputs": {
        "nixpkgs": [
          "nixpkgs"
        ]
      },
      "locked": {
        "lastModified": 1706491084,
        "narHash": "sha256-eaEv+orTmr2arXpoE4aFZQMVPOYXCBEbLgK22kOtkhs=",
        "owner": "nix-community",
        "repo": "disko",
        "rev": "f67ba6552845ea5d7f596a24d57c33a8a9dc8de9",
        "type": "github"
      },
      "original": {
        "owner": "nix-community",
        "repo": "disko",
        "type": "github"
      }
    },
    "fzfProject": {
      "inputs": {
        "nixpkgs": [
          "nixpkgs"
        ]
      },
      "locked": {
        "lastModified": 1654884630,
        "narHash": "sha256-JQZ4mLCsMsJpOR9nzm5rAzbonujwDuzVa4BGP3+7kJE=",
        "owner": "cjlarose",
        "repo": "fzf-project",
        "rev": "d57401d96dc6270a34582ba2199285e732d70bf3",
        "type": "github"
      },
      "original": {
        "owner": "cjlarose",
        "repo": "fzf-project",
        "type": "github"
      }
    },
    "fzfVim": {
      "inputs": {
        "nixpkgs": [
          "nixpkgs"
        ]
      },
      "locked": {
        "lastModified": 1654883707,
        "narHash": "sha256-XsJj4SWs2BdMOQ+ZEV+9I7GVW41RUk/zqvrgeLwE1EE=",
        "owner": "cjlarose",
        "repo": "fzf.vim",
        "rev": "5a6af6579be024efc5f9f8148e4aa5274dd3c861",
        "type": "github"
      },
      "original": {
        "owner": "cjlarose",
        "repo": "fzf.vim",
        "type": "github"
      }
    },
    "home-manager": {
      "inputs": {
        "nixpkgs": [
          "nixpkgs"
        ]
      },
      "locked": {
        "lastModified": 1720042825,
        "narHash": "sha256-A0vrUB6x82/jvf17qPCpxaM+ulJnD8YZwH9Ci0BsAzE=",
        "owner": "nix-community",
        "repo": "home-manager",
        "rev": "e1391fb22e18a36f57e6999c7a9f966dc80ac073",
        "type": "github"
      },
      "original": {
        "owner": "nix-community",
        "ref": "release-24.05",
        "repo": "home-manager",
        "type": "github"
      }
    },
    "home-manager-24-11": {
      "inputs": {
        "nixpkgs": [
          "nixpkgs"
        ]
      },
      "locked": {
        "lastModified": 1736373539,
        "narHash": "sha256-dinzAqCjenWDxuy+MqUQq0I4zUSfaCvN9rzuCmgMZJY=",
        "owner": "nix-community",
        "repo": "home-manager",
        "rev": "bd65bc3cde04c16755955630b344bc9e35272c56",
        "type": "github"
      },
      "original": {
        "owner": "nix-community",
        "ref": "release-24.11",
        "repo": "home-manager",
        "type": "github"
      }
    },
    "impermanence": {
      "locked": {
        "lastModified": 1703656108,
        "narHash": "sha256-hCSUqdFJKHHbER8Cenf5JRzjMlBjIdwdftGQsO0xoJs=",
        "owner": "nix-community",
        "repo": "impermanence",
        "rev": "033643a45a4a920660ef91caa391fbffb14da466",
        "type": "github"
      },
      "original": {
        "owner": "nix-community",
        "repo": "impermanence",
        "type": "github"
      }
    },
    "intranetHosts": {
      "flake": false,
      "locked": {
        "lastModified": 1737087177,
        "narHash": "sha256-vcjLNoUwAoKZBZ7EQ++bSKe0yeLh86Bm9GT0iZs8kSo=",
        "ref": "refs/heads/main",
        "rev": "43edd2dc7c36c2fe12011292658f329e394e7a7f",
        "revCount": 15,
        "type": "git",
        "url": "ssh://git@github.com/cjlarose/intranet-hosts"
      },
      "original": {
        "type": "git",
        "url": "ssh://git@github.com/cjlarose/intranet-hosts"
      }
    },
    "nixpkgs": {
      "locked": {
        "lastModified": 1722087241,
        "narHash": "sha256-2ShmEaFi0kJVOEEu5gmlykN5dwjWYWYUJmlRTvZQRpU=",
        "owner": "nixos",
        "repo": "nixpkgs",
        "rev": "8c50662509100d53229d4be607f1a3a31157fa12",
        "type": "github"
      },
      "original": {
        "owner": "nixos",
        "ref": "nixos-24.05",
        "repo": "nixpkgs",
        "type": "github"
      }
    },
    "nixpkgs-23-05": {
      "locked": {
        "lastModified": 1704290814,
        "narHash": "sha256-LWvKHp7kGxk/GEtlrGYV68qIvPHkU9iToomNFGagixU=",
        "owner": "nixos",
        "repo": "nixpkgs",
        "rev": "70bdadeb94ffc8806c0570eb5c2695ad29f0e421",
        "type": "github"
      },
      "original": {
        "owner": "nixos",
        "ref": "nixos-23.05",
        "repo": "nixpkgs",
        "type": "github"
      }
    },
    "nixpkgs-24-11": {
      "locked": {
        "lastModified": 1737885640,
        "narHash": "sha256-GFzPxJzTd1rPIVD4IW+GwJlyGwBDV1Tj5FLYwDQQ9sM=",
        "owner": "nixos",
        "repo": "nixpkgs",
        "rev": "4e96537f163fad24ed9eb317798a79afc85b51b7",
        "type": "github"
      },
      "original": {
        "owner": "nixos",
        "ref": "nixos-24.11",
        "repo": "nixpkgs",
        "type": "github"
      }
    },
    "nixpkgs-unstable": {
      "locked": {
        "lastModified": 1723637854,
        "narHash": "sha256-med8+5DSWa2UnOqtdICndjDAEjxr5D7zaIiK4pn0Q7c=",
        "owner": "nixos",
        "repo": "nixpkgs",
        "rev": "c3aa7b8938b17aebd2deecf7be0636000d62a2b9",
        "type": "github"
      },
      "original": {
        "owner": "nixos",
        "ref": "nixos-unstable",
        "repo": "nixpkgs",
        "type": "github"
      }
    },
    "nixpkgs_2": {
      "locked": {
        "lastModified": 1728193676,
        "narHash": "sha256-PbDWAIjKJdlVg+qQRhzdSor04bAPApDqIv2DofTyynk=",
        "owner": "nixos",
        "repo": "nixpkgs",
        "rev": "ecbc1ca8ffd6aea8372ad16be9ebbb39889e55b6",
        "type": "github"
      },
      "original": {
        "owner": "nixos",
        "ref": "nixos-24.05",
        "repo": "nixpkgs",
        "type": "github"
      }
    },
    "nixpkgs_3": {
      "locked": {
        "lastModified": 1722087241,
        "narHash": "sha256-2ShmEaFi0kJVOEEu5gmlykN5dwjWYWYUJmlRTvZQRpU=",
        "owner": "nixos",
        "repo": "nixpkgs",
        "rev": "8c50662509100d53229d4be607f1a3a31157fa12",
        "type": "github"
      },
      "original": {
        "owner": "nixos",
        "ref": "nixos-24.05",
        "repo": "nixpkgs",
        "type": "github"
      }
    },
    "nixpkgs_4": {
      "locked": {
        "lastModified": 1735669367,
        "narHash": "sha256-tfYRbFhMOnYaM4ippqqid3BaLOXoFNdImrfBfCp4zn0=",
        "owner": "NixOS",
        "repo": "nixpkgs",
        "rev": "edf04b75c13c2ac0e54df5ec5c543e300f76f1c9",
        "type": "github"
      },
      "original": {
        "id": "nixpkgs",
        "ref": "nixos-24.11",
        "type": "indirect"
      }
    },
    "nvr": {
      "flake": false,
      "locked": {
        "lastModified": 1724721228,
        "narHash": "sha256-zh1t2WlPipZ5+8DAkGVZ4pitrOaq5y1vxk/uKT9aYJI=",
        "owner": "cstyles",
        "repo": "nvr",
        "rev": "1560b20db77fa0b0e03190f976f658e9f1365000",
        "type": "github"
      },
      "original": {
        "owner": "cstyles",
        "repo": "nvr",
        "type": "github"
      }
    },
    "omnisharpVim": {
      "flake": false,
      "locked": {
        "lastModified": 1697407911,
        "narHash": "sha256-z3Dgrm9pNWkvfShPmB9O8TqpY592sk1W722zduOSing=",
        "owner": "OmniSharp",
        "repo": "omnisharp-vim",
        "rev": "f9c5d3e3375e8b5688a4506e813cb21bdc7329b1",
        "type": "github"
      },
      "original": {
        "owner": "OmniSharp",
        "repo": "omnisharp-vim",
        "type": "github"
      }
    },
    "pce": {
      "inputs": {
        "nixpkgs": "nixpkgs_3",
        "pce-dailies": "pce-dailies"
      },
      "locked": {
        "lastModified": 1737740689,
        "narHash": "sha256-u+uSmg4YDtZiAC+Tb7dNeLZ8MoWlYUTpYL40ieXoJhQ=",
        "ref": "refs/heads/main",
        "rev": "0c9cbad018b22689ed17d2a89b5aa242397eb0f6",
        "revCount": 380,
        "type": "git",
        "url": "ssh://git@github.com/cjlarose/pixel-cats-end-automation"
      },
      "original": {
        "type": "git",
        "url": "ssh://git@github.com/cjlarose/pixel-cats-end-automation"
      }
    },
    "pce-dailies": {
      "inputs": {
        "nixpkgs": "nixpkgs_4"
      },
      "locked": {
        "lastModified": 1736996394,
        "narHash": "sha256-7SPcx7kitFzvMESat+2dM/mUR4psFcOxXir896AaEZU=",
        "ref": "refs/heads/main",
        "rev": "e7879387e46c3df147ce1d4560897641d9bcffeb",
        "revCount": 167,
        "type": "git",
        "url": "ssh://git@github.com/cjlarose/pixel-cats-end-dailies"
      },
      "original": {
        "type": "git",
        "url": "ssh://git@github.com/cjlarose/pixel-cats-end-dailies"
      }
    },
    "root": {
      "inputs": {
        "bundix": "bundix",
        "chicken-smoothie-automation": "chicken-smoothie-automation",
        "darwin": "darwin",
        "disko": "disko",
        "fzfProject": "fzfProject",
        "fzfVim": "fzfVim",
        "home-manager": "home-manager",
        "home-manager-24-11": "home-manager-24-11",
        "impermanence": "impermanence",
        "intranetHosts": "intranetHosts",
        "nixpkgs": "nixpkgs_2",
        "nixpkgs-23-05": "nixpkgs-23-05",
        "nixpkgs-24-11": "nixpkgs-24-11",
        "nixpkgs-unstable": "nixpkgs-unstable",
        "nvr": "nvr",
        "omnisharpVim": "omnisharpVim",
        "pce": "pce",
        "tfenv": "tfenv",
        "trueColorTest": "trueColorTest"
      }
    },
    "tfenv": {
      "inputs": {
        "tfenv": "tfenv_2"
      },
      "locked": {
        "lastModified": 1686207347,
        "narHash": "sha256-vf9tO2hHpr9qOcNl022FRMfzk1vbsKvbAqLmuhO3Wm4=",
        "owner": "cjlarose",
        "repo": "tfenv-nix",
        "rev": "012dd64e84a063f02a9cbb22ca4e6b33118d3e14",
        "type": "github"
      },
      "original": {
        "owner": "cjlarose",
        "repo": "tfenv-nix",
        "type": "github"
      }
    },
    "tfenv_2": {
      "flake": false,
      "locked": {
        "lastModified": 1664641260,
        "narHash": "sha256-UNvLJQB47IRcNZpoUGXTW2g63ApijnIB3oUb7Zu4lUY=",
        "owner": "tfutils",
        "repo": "tfenv",
        "rev": "1ccfddb22005b34eacaf06a9c33f58f14e816ec9",
        "type": "github"
      },
      "original": {
        "owner": "tfutils",
        "repo": "tfenv",
        "type": "github"
      }
    },
    "trueColorTest": {
      "flake": false,
      "locked": {
        "lastModified": 1568694403,
        "narHash": "sha256-zZiWjzklcbr71XoVZRrj2KNQ5ivKa5ng+G2M5USU6UE=",
        "ref": "refs/heads/master",
        "rev": "1875ff9b84a014214d0ce9d922654bb34001198e",
        "revCount": 2,
        "type": "git",
        "url": "https://gist.github.com/db6c5654fa976be33808b8b33a6eb861.git"
      },
      "original": {
        "type": "git",
        "url": "https://gist.github.com/db6c5654fa976be33808b8b33a6eb861.git"
      }
    }
  },
  "root": "root",
  "version": 7
}
